
Microsoft Visual Studio Solution File, Format Version 12.00
# Visual Studio Version 16
VisualStudioVersion = 16.0.31911.196
MinimumVisualStudioVersion = 10.0.40219.1
Project("{FAE04EC0-301F-11D3-BF4B-00C04F79EFBC}") = "Restaurant Menu Organiser", "Restaurant Menu Organiser.csproj", "{0232B033-A2F7-4253-86A8-BB59BB5E3826}"
EndProject
Global
	GlobalSection(SolutionConfigurationPlatforms) = preSolution
		Debug|Any CPU = Debug|Any CPU
		Release|Any CPU = Release|Any CPU
	EndGlobalSection
	GlobalSection(ProjectConfigurationPlatforms) = postSolution
		{0232B033-A2F7-4253-86A8-BB59BB5E3826}.Debug|Any CPU.ActiveCfg = Debug|Any CPU
		{0232B033-A2F7-4253-86A8-BB59BB5E3826}.Debug|Any CPU.Build.0 = Debug|Any CPU
		{0232B033-A2F7-4253-86A8-BB59BB5E3826}.Release|Any CPU.ActiveCfg = Release|Any CPU
		{0232B033-A2F7-4253-86A8-BB59BB5E3826}.Release|Any CPU.Build.0 = Release|Any CPU
	EndGlobalSection
	GlobalSection(SolutionProperties) = preSolution
		HideSolutionNode = FALSE
	EndGlobalSection
	GlobalSection(ExtensibilityGlobals) = postSolution
		SolutionGuid = {86A33DA1-ECDE-4A00-8DF9-941C150BD524}
	EndGlobalSection
EndGlobal
